
Microsoft Visual Studio Solution File, Format Version 12.00
# Visual Studio 15
VisualStudioVersion = 15.0.27703.2042
MinimumVisualStudioVersion = 10.0.40219.1
Project("{FAE04EC0-301F-11D3-BF4B-00C04F79EFBC}") = "FreeFleet.Android", "FreeFleet\FreeFleet.Android\FreeFleet.Android.csproj", "{829A7FC2-6F87-4599-813E-5DD9E41C7109}"
EndProject
Project("{FAE04EC0-301F-11D3-BF4B-00C04F79EFBC}") = "FreeFleet.iOS", "FreeFleet\FreeFleet.iOS\FreeFleet.iOS.csproj", "{FC266102-6F42-43A3-AF45-C5F17AD4BB31}"
EndProject
Project("{FAE04EC0-301F-11D3-BF4B-00C04F79EFBC}") = "FreeFleet.UWP", "FreeFleet\FreeFleet.UWP\FreeFleet.UWP.csproj", "{C8B1D9A9-BFDE-44FD-BA5F-0EF7BD4687DD}"
EndProject
Project("{FAE04EC0-301F-11D3-BF4B-00C04F79EFBC}") = "FreeFleet", "FreeFleet\FreeFleet\FreeFleet.csproj", "{BF97ADE7-C043-4D4D-B56C-FE4A149CB9C8}"
EndProject
Global
	GlobalSection(SolutionConfigurationPlatforms) = preSolution
		Ad-Hoc|Any CPU = Ad-Hoc|Any CPU
		Ad-Hoc|ARM = Ad-Hoc|ARM
		Ad-Hoc|iPhone = Ad-Hoc|iPhone
		Ad-Hoc|iPhoneSimulator = Ad-Hoc|iPhoneSimulator
		Ad-Hoc|x64 = Ad-Hoc|x64
		Ad-Hoc|x86 = Ad-Hoc|x86
		AppStore|Any CPU = AppStore|Any CPU
		AppStore|ARM = AppStore|ARM
		AppStore|iPhone = AppStore|iPhone
		AppStore|iPhoneSimulator = AppStore|iPhoneSimulator
		AppStore|x64 = AppStore|x64
		AppStore|x86 = AppStore|x86
		Debug|Any CPU = Debug|Any CPU
		Debug|ARM = Debug|ARM
		Debug|iPhone = Debug|iPhone
		Debug|iPhoneSimulator = Debug|iPhoneSimulator
		Debug|x64 = Debug|x64
		Debug|x86 = Debug|x86
		Release|Any CPU = Release|Any CPU
		Release|ARM = Release|ARM
		Release|iPhone = Release|iPhone
		Release|iPhoneSimulator = Release|iPhoneSimulator
		Release|x64 = Release|x64
		Release|x86 = Release|x86
	EndGlobalSection
	GlobalSection(ProjectConfigurationPlatforms) = postSolution
		{829A7FC2-6F87-4599-813E-5DD9E41C7109}.Ad-Hoc|Any CPU.ActiveCfg = Release|Any CPU
		{829A7FC2-6F87-4599-813E-5DD9E41C7109}.Ad-Hoc|Any CPU.Build.0 = Release|Any CPU
		{829A7FC2-6F87-4599-813E-5DD9E41C7109}.Ad-Hoc|Any CPU.Deploy.0 = Release|Any CPU
		{829A7FC2-6F87-4599-813E-5DD9E41C7109}.Ad-Hoc|ARM.ActiveCfg = Release|Any CPU
		{829A7FC2-6F87-4599-813E-5DD9E41C7109}.Ad-Hoc|ARM.Build.0 = Release|Any CPU
		{829A7FC2-6F87-4599-813E-5DD9E41C7109}.Ad-Hoc|ARM.Deploy.0 = Release|Any CPU
		{829A7FC2-6F87-4599-813E-5DD9E41C7109}.Ad-Hoc|iPhone.ActiveCfg = Release|Any CPU
		{829A7FC2-6F87-4599-813E-5DD9E41C7109}.Ad-Hoc|iPhone.Build.0 = Release|Any CPU
		{829A7FC2-6F87-4599-813E-5DD9E41C7109}.Ad-Hoc|iPhone.Deploy.0 = Release|Any CPU
		{829A7FC2-6F87-4599-813E-5DD9E41C7109}.Ad-Hoc|iPhoneSimulator.ActiveCfg = Release|Any CPU
		{829A7FC2-6F87-4599-813E-5DD9E41C7109}.Ad-Hoc|iPhoneSimulator.Build.0 = Release|Any CPU
		{829A7FC2-6F87-4599-813E-5DD9E41C7109}.Ad-Hoc|iPhoneSimulator.Deploy.0 = Release|Any CPU
		{829A7FC2-6F87-4599-813E-5DD9E41C7109}.Ad-Hoc|x64.ActiveCfg = Release|Any CPU
		{829A7FC2-6F87-4599-813E-5DD9E41C7109}.Ad-Hoc|x64.Build.0 = Release|Any CPU
		{829A7FC2-6F87-4599-813E-5DD9E41C7109}.Ad-Hoc|x64.Deploy.0 = Release|Any CPU
		{829A7FC2-6F87-4599-813E-5DD9E41C7109}.Ad-Hoc|x86.ActiveCfg = Release|Any CPU
		{829A7FC2-6F87-4599-813E-5DD9E41C7109}.Ad-Hoc|x86.Build.0 = Release|Any CPU
		{829A7FC2-6F87-4599-813E-5DD9E41C7109}.Ad-Hoc|x86.Deploy.0 = Release|Any CPU
		{829A7FC2-6F87-4599-813E-5DD9E41C7109}.AppStore|Any CPU.ActiveCfg = Release|Any CPU
		{829A7FC2-6F87-4599-813E-5DD9E41C7109}.AppStore|Any CPU.Build.0 = Release|Any CPU
		{829A7FC2-6F87-4599-813E-5DD9E41C7109}.AppStore|Any CPU.Deploy.0 = Release|Any CPU
		{829A7FC2-6F87-4599-813E-5DD9E41C7109}.AppStore|ARM.ActiveCfg = Release|Any CPU
		{829A7FC2-6F87-4599-813E-5DD9E41C7109}.AppStore|ARM.Build.0 = Release|Any CPU
		{829A7FC2-6F87-4599-813E-5DD9E41C7109}.AppStore|ARM.Deploy.0 = Release|Any CPU
		{829A7FC2-6F87-4599-813E-5DD9E41C7109}.AppStore|iPhone.ActiveCfg = Release|Any CPU
		{829A7FC2-6F87-4599-813E-5DD9E41C7109}.AppStore|iPhone.Build.0 = Release|Any CPU
		{829A7FC2-6F87-4599-813E-5DD9E41C7109}.AppStore|iPhone.Deploy.0 = Release|Any CPU
		{829A7FC2-6F87-4599-813E-5DD9E41C7109}.AppStore|iPhoneSimulator.ActiveCfg = Release|Any CPU
		{829A7FC2-6F87-4599-813E-5DD9E41C7109}.AppStore|iPhoneSimulator.Build.0 = Release|Any CPU
		{829A7FC2-6F87-4599-813E-5DD9E41C7109}.AppStore|iPhoneSimulator.Deploy.0 = Release|Any CPU
		{829A7FC2-6F87-4599-813E-5DD9E41C7109}.AppStore|x64.ActiveCfg = Release|Any CPU
		{829A7FC2-6F87-4599-813E-5DD9E41C7109}.AppStore|x64.Build.0 = Release|Any CPU
		{829A7FC2-6F87-4599-813E-5DD9E41C7109}.AppStore|x64.Deploy.0 = Release|Any CPU
		{829A7FC2-6F87-4599-813E-5DD9E41C7109}.AppStore|x86.ActiveCfg = Release|Any CPU
		{829A7FC2-6F87-4599-813E-5DD9E41C7109}.AppStore|x86.Build.0 = Release|Any CPU
		{829A7FC2-6F87-4599-813E-5DD9E41C7109}.AppStore|x86.Deploy.0 = Release|Any CPU
		{829A7FC2-6F87-4599-813E-5DD9E41C7109}.Debug|Any CPU.ActiveCfg = Debug|Any CPU
		{829A7FC2-6F87-4599-813E-5DD9E41C7109}.Debug|Any CPU.Build.0 = Debug|Any CPU
		{829A7FC2-6F87-4599-813E-5DD9E41C7109}.Debug|Any CPU.Deploy.0 = Debug|Any CPU
		{829A7FC2-6F87-4599-813E-5DD9E41C7109}.Debug|ARM.ActiveCfg = Debug|Any CPU
		{829A7FC2-6F87-4599-813E-5DD9E41C7109}.Debug|ARM.Build.0 = Debug|Any CPU
		{829A7FC2-6F87-4599-813E-5DD9E41C7109}.Debug|ARM.Deploy.0 = Debug|Any CPU
		{829A7FC2-6F87-4599-813E-5DD9E41C7109}.Debug|iPhone.ActiveCfg = Debug|Any CPU
		{829A7FC2-6F87-4599-813E-5DD9E41C7109}.Debug|iPhone.Build.0 = Debug|Any CPU
		{829A7FC2-6F87-4599-813E-5DD9E41C7109}.Debug|iPhone.Deploy.0 = Debug|Any CPU
		{829A7FC2-6F87-4599-813E-5DD9E41C7109}.Debug|iPhoneSimulator.ActiveCfg = Debug|Any CPU
		{829A7FC2-6F87-4599-813E-5DD9E41C7109}.Debug|iPhoneSimulator.Build.0 = Debug|Any CPU
		{829A7FC2-6F87-4599-813E-5DD9E41C7109}.Debug|iPhoneSimulator.Deploy.0 = Debug|Any CPU
		{829A7FC2-6F87-4599-813E-5DD9E41C7109}.Debug|x64.ActiveCfg = Debug|Any CPU
		{829A7FC2-6F87-4599-813E-5DD9E41C7109}.Debug|x64.Build.0 = Debug|Any CPU
		{829A7FC2-6F87-4599-813E-5DD9E41C7109}.Debug|x64.Deploy.0 = Debug|Any CPU
		{829A7FC2-6F87-4599-813E-5DD9E41C7109}.Debug|x86.ActiveCfg = Debug|Any CPU
		{829A7FC2-6F87-4599-813E-5DD9E41C7109}.Debug|x86.Build.0 = Debug|Any CPU
		{829A7FC2-6F87-4599-813E-5DD9E41C7109}.Debug|x86.Deploy.0 = Debug|Any CPU
		{829A7FC2-6F87-4599-813E-5DD9E41C7109}.Release|Any CPU.ActiveCfg = Release|Any CPU
		{829A7FC2-6F87-4599-813E-5DD9E41C7109}.Release|Any CPU.Build.0 = Release|Any CPU
		{829A7FC2-6F87-4599-813E-5DD9E41C7109}.Release|Any CPU.Deploy.0 = Release|Any CPU
		{829A7FC2-6F87-4599-813E-5DD9E41C7109}.Release|ARM.ActiveCfg = Release|Any CPU
		{829A7FC2-6F87-4599-813E-5DD9E41C7109}.Release|ARM.Build.0 = Release|Any CPU
		{829A7FC2-6F87-4599-813E-5DD9E41C7109}.Release|ARM.Deploy.0 = Release|Any CPU
		{829A7FC2-6F87-4599-813E-5DD9E41C7109}.Release|iPhone.ActiveCfg = Release|Any CPU
		{829A7FC2-6F87-4599-813E-5DD9E41C7109}.Release|iPhone.Build.0 = Release|Any CPU
		{829A7FC2-6F87-4599-813E-5DD9E41C7109}.Release|iPhone.Deploy.0 = Release|Any CPU
		{829A7FC2-6F87-4599-813E-5DD9E41C7109}.Release|iPhoneSimulator.ActiveCfg = Release|Any CPU
		{829A7FC2-6F87-4599-813E-5DD9E41C7109}.Release|iPhoneSimulator.Build.0 = Release|Any CPU
		{829A7FC2-6F87-4599-813E-5DD9E41C7109}.Release|iPhoneSimulator.Deploy.0 = Release|Any CPU
		{829A7FC2-6F87-4599-813E-5DD9E41C7109}.Release|x64.ActiveCfg = Release|Any CPU
		{829A7FC2-6F87-4599-813E-5DD9E41C7109}.Release|x64.Build.0 = Release|Any CPU
		{829A7FC2-6F87-4599-813E-5DD9E41C7109}.Release|x64.Deploy.0 = Release|Any CPU
		{829A7FC2-6F87-4599-813E-5DD9E41C7109}.Release|x86.ActiveCfg = Release|Any CPU
		{829A7FC2-6F87-4599-813E-5DD9E41C7109}.Release|x86.Build.0 = Release|Any CPU
		{829A7FC2-6F87-4599-813E-5DD9E41C7109}.Release|x86.Deploy.0 = Release|Any CPU
		{FC266102-6F42-43A3-AF45-C5F17AD4BB31}.Ad-Hoc|Any CPU.ActiveCfg = Ad-Hoc|iPhone
		{FC266102-6F42-43A3-AF45-C5F17AD4BB31}.Ad-Hoc|Any CPU.Build.0 = Ad-Hoc|iPhone
		{FC266102-6F42-43A3-AF45-C5F17AD4BB31}.Ad-Hoc|Any CPU.Deploy.0 = Ad-Hoc|iPhone
		{FC266102-6F42-43A3-AF45-C5F17AD4BB31}.Ad-Hoc|ARM.ActiveCfg = Ad-Hoc|iPhone
		{FC266102-6F42-43A3-AF45-C5F17AD4BB31}.Ad-Hoc|ARM.Build.0 = Ad-Hoc|iPhone
		{FC266102-6F42-43A3-AF45-C5F17AD4BB31}.Ad-Hoc|ARM.Deploy.0 = Ad-Hoc|iPhone
		{FC266102-6F42-43A3-AF45-C5F17AD4BB31}.Ad-Hoc|iPhone.ActiveCfg = Ad-Hoc|iPhone
		{FC266102-6F42-43A3-AF45-C5F17AD4BB31}.Ad-Hoc|iPhone.Build.0 = Ad-Hoc|iPhone
		{FC266102-6F42-43A3-AF45-C5F17AD4BB31}.Ad-Hoc|iPhone.Deploy.0 = Ad-Hoc|iPhone
		{FC266102-6F42-43A3-AF45-C5F17AD4BB31}.Ad-Hoc|iPhoneSimulator.ActiveCfg = Ad-Hoc|iPhoneSimulator
		{FC266102-6F42-43A3-AF45-C5F17AD4BB31}.Ad-Hoc|iPhoneSimulator.Build.0 = Ad-Hoc|iPhoneSimulator
		{FC266102-6F42-43A3-AF45-C5F17AD4BB31}.Ad-Hoc|iPhoneSimulator.Deploy.0 = Ad-Hoc|iPhoneSimulator
		{FC266102-6F42-43A3-AF45-C5F17AD4BB31}.Ad-Hoc|x64.ActiveCfg = Ad-Hoc|iPhone
		{FC266102-6F42-43A3-AF45-C5F17AD4BB31}.Ad-Hoc|x64.Build.0 = Ad-Hoc|iPhone
		{FC266102-6F42-43A3-AF45-C5F17AD4BB31}.Ad-Hoc|x64.Deploy.0 = Ad-Hoc|iPhone
		{FC266102-6F42-43A3-AF45-C5F17AD4BB31}.Ad-Hoc|x86.ActiveCfg = Ad-Hoc|iPhone
		{FC266102-6F42-43A3-AF45-C5F17AD4BB31}.Ad-Hoc|x86.Build.0 = Ad-Hoc|iPhone
		{FC266102-6F42-43A3-AF45-C5F17AD4BB31}.Ad-Hoc|x86.Deploy.0 = Ad-Hoc|iPhone
		{FC266102-6F42-43A3-AF45-C5F17AD4BB31}.AppStore|Any CPU.ActiveCfg = AppStore|iPhone
		{FC266102-6F42-43A3-AF45-C5F17AD4BB31}.AppStore|Any CPU.Build.0 = AppStore|iPhone
		{FC266102-6F42-43A3-AF45-C5F17AD4BB31}.AppStore|Any CPU.Deploy.0 = AppStore|iPhone
		{FC266102-6F42-43A3-AF45-C5F17AD4BB31}.AppStore|ARM.ActiveCfg = AppStore|iPhone
		{FC266102-6F42-43A3-AF45-C5F17AD4BB31}.AppStore|ARM.Build.0 = AppStore|iPhone
		{FC266102-6F42-43A3-AF45-C5F17AD4BB31}.AppStore|ARM.Deploy.0 = AppStore|iPhone
		{FC266102-6F42-43A3-AF45-C5F17AD4BB31}.AppStore|iPhone.ActiveCfg = AppStore|iPhone
		{FC266102-6F42-43A3-AF45-C5F17AD4BB31}.AppStore|iPhone.Build.0 = AppStore|iPhone
		{FC266102-6F42-43A3-AF45-C5F17AD4BB31}.AppStore|iPhone.Deploy.0 = AppStore|iPhone
		{FC266102-6F42-43A3-AF45-C5F17AD4BB31}.AppStore|iPhoneSimulator.ActiveCfg = AppStore|iPhoneSimulator
		{FC266102-6F42-43A3-AF45-C5F17AD4BB31}.AppStore|iPhoneSimulator.Build.0 = AppStore|iPhoneSimulator
		{FC266102-6F42-43A3-AF45-C5F17AD4BB31}.AppStore|iPhoneSimulator.Deploy.0 = AppStore|iPhoneSimulator
		{FC266102-6F42-43A3-AF45-C5F17AD4BB31}.AppStore|x64.ActiveCfg = AppStore|iPhone
		{FC266102-6F42-43A3-AF45-C5F17AD4BB31}.AppStore|x64.Build.0 = AppStore|iPhone
		{FC266102-6F42-43A3-AF45-C5F17AD4BB31}.AppStore|x64.Deploy.0 = AppStore|iPhone
		{FC266102-6F42-43A3-AF45-C5F17AD4BB31}.AppStore|x86.ActiveCfg = AppStore|iPhone
		{FC266102-6F42-43A3-AF45-C5F17AD4BB31}.AppStore|x86.Build.0 = AppStore|iPhone
		{FC266102-6F42-43A3-AF45-C5F17AD4BB31}.AppStore|x86.Deploy.0 = AppStore|iPhone
		{FC266102-6F42-43A3-AF45-C5F17AD4BB31}.Debug|Any CPU.ActiveCfg = Debug|iPhoneSimulator
		{FC266102-6F42-43A3-AF45-C5F17AD4BB31}.Debug|Any CPU.Build.0 = Debug|iPhoneSimulator
		{FC266102-6F42-43A3-AF45-C5F17AD4BB31}.Debug|Any CPU.Deploy.0 = Debug|iPhoneSimulator
		{FC266102-6F42-43A3-AF45-C5F17AD4BB31}.Debug|ARM.ActiveCfg = Debug|iPhone
		{FC266102-6F42-43A3-AF45-C5F17AD4BB31}.Debug|ARM.Build.0 = Debug|iPhone
		{FC266102-6F42-43A3-AF45-C5F17AD4BB31}.Debug|ARM.Deploy.0 = Debug|iPhone
		{FC266102-6F42-43A3-AF45-C5F17AD4BB31}.Debug|iPhone.ActiveCfg = Debug|iPhone
		{FC266102-6F42-43A3-AF45-C5F17AD4BB31}.Debug|iPhone.Build.0 = Debug|iPhone
		{FC266102-6F42-43A3-AF45-C5F17AD4BB31}.Debug|iPhone.Deploy.0 = Debug|iPhone
		{FC266102-6F42-43A3-AF45-C5F17AD4BB31}.Debug|iPhoneSimulator.ActiveCfg = Debug|iPhoneSimulator
		{FC266102-6F42-43A3-AF45-C5F17AD4BB31}.Debug|iPhoneSimulator.Build.0 = Debug|iPhoneSimulator
		{FC266102-6F42-43A3-AF45-C5F17AD4BB31}.Debug|iPhoneSimulator.Deploy.0 = Debug|iPhoneSimulator
		{FC266102-6F42-43A3-AF45-C5F17AD4BB31}.Debug|x64.ActiveCfg = Debug|iPhone
		{FC266102-6F42-43A3-AF45-C5F17AD4BB31}.Debug|x64.Build.0 = Debug|iPhone
		{FC266102-6F42-43A3-AF45-C5F17AD4BB31}.Debug|x64.Deploy.0 = Debug|iPhone
		{FC266102-6F42-43A3-AF45-C5F17AD4BB31}.Debug|x86.ActiveCfg = Debug|iPhone
		{FC266102-6F42-43A3-AF45-C5F17AD4BB31}.Debug|x86.Build.0 = Debug|iPhone
		{FC266102-6F42-43A3-AF45-C5F17AD4BB31}.Debug|x86.Deploy.0 = Debug|iPhone
		{FC266102-6F42-43A3-AF45-C5F17AD4BB31}.Release|Any CPU.ActiveCfg = Release|iPhone
		{FC266102-6F42-43A3-AF45-C5F17AD4BB31}.Release|Any CPU.Build.0 = Release|iPhone
		{FC266102-6F42-43A3-AF45-C5F17AD4BB31}.Release|Any CPU.Deploy.0 = Release|iPhone
		{FC266102-6F42-43A3-AF45-C5F17AD4BB31}.Release|ARM.ActiveCfg = Release|iPhone
		{FC266102-6F42-43A3-AF45-C5F17AD4BB31}.Release|ARM.Build.0 = Release|iPhone
		{FC266102-6F42-43A3-AF45-C5F17AD4BB31}.Release|ARM.Deploy.0 = Release|iPhone
		{FC266102-6F42-43A3-AF45-C5F17AD4BB31}.Release|iPhone.ActiveCfg = Release|iPhone
		{FC266102-6F42-43A3-AF45-C5F17AD4BB31}.Release|iPhone.Build.0 = Release|iPhone
		{FC266102-6F42-43A3-AF45-C5F17AD4BB31}.Release|iPhone.Deploy.0 = Release|iPhone
		{FC266102-6F42-43A3-AF45-C5F17AD4BB31}.Release|iPhoneSimulator.ActiveCfg = Release|iPhoneSimulator
		{FC266102-6F42-43A3-AF45-C5F17AD4BB31}.Release|iPhoneSimulator.Build.0 = Release|iPhoneSimulator
		{FC266102-6F42-43A3-AF45-C5F17AD4BB31}.Release|iPhoneSimulator.Deploy.0 = Release|iPhoneSimulator
		{FC266102-6F42-43A3-AF45-C5F17AD4BB31}.Release|x64.ActiveCfg = Release|iPhone
		{FC266102-6F42-43A3-AF45-C5F17AD4BB31}.Release|x64.Build.0 = Release|iPhone
		{FC266102-6F42-43A3-AF45-C5F17AD4BB31}.Release|x64.Deploy.0 = Release|iPhone
		{FC266102-6F42-43A3-AF45-C5F17AD4BB31}.Release|x86.ActiveCfg = Release|iPhone
		{FC266102-6F42-43A3-AF45-C5F17AD4BB31}.Release|x86.Build.0 = Release|iPhone
		{FC266102-6F42-43A3-AF45-C5F17AD4BB31}.Release|x86.Deploy.0 = Release|iPhone
		{C8B1D9A9-BFDE-44FD-BA5F-0EF7BD4687DD}.Ad-Hoc|Any CPU.ActiveCfg = Release|x86
		{C8B1D9A9-BFDE-44FD-BA5F-0EF7BD4687DD}.Ad-Hoc|Any CPU.Build.0 = Release|x86
		{C8B1D9A9-BFDE-44FD-BA5F-0EF7BD4687DD}.Ad-Hoc|Any CPU.Deploy.0 = Release|x86
		{C8B1D9A9-BFDE-44FD-BA5F-0EF7BD4687DD}.Ad-Hoc|ARM.ActiveCfg = Release|ARM
		{C8B1D9A9-BFDE-44FD-BA5F-0EF7BD4687DD}.Ad-Hoc|ARM.Build.0 = Release|ARM
		{C8B1D9A9-BFDE-44FD-BA5F-0EF7BD4687DD}.Ad-Hoc|ARM.Deploy.0 = Release|ARM
		{C8B1D9A9-BFDE-44FD-BA5F-0EF7BD4687DD}.Ad-Hoc|iPhone.ActiveCfg = Release|x86
		{C8B1D9A9-BFDE-44FD-BA5F-0EF7BD4687DD}.Ad-Hoc|iPhone.Build.0 = Release|x86
		{C8B1D9A9-BFDE-44FD-BA5F-0EF7BD4687DD}.Ad-Hoc|iPhone.Deploy.0 = Release|x86
		{C8B1D9A9-BFDE-44FD-BA5F-0EF7BD4687DD}.Ad-Hoc|iPhoneSimulator.ActiveCfg = Release|x86
		{C8B1D9A9-BFDE-44FD-BA5F-0EF7BD4687DD}.Ad-Hoc|iPhoneSimulator.Build.0 = Release|x86
		{C8B1D9A9-BFDE-44FD-BA5F-0EF7BD4687DD}.Ad-Hoc|iPhoneSimulator.Deploy.0 = Release|x86
		{C8B1D9A9-BFDE-44FD-BA5F-0EF7BD4687DD}.Ad-Hoc|x64.ActiveCfg = Release|x64
		{C8B1D9A9-BFDE-44FD-BA5F-0EF7BD4687DD}.Ad-Hoc|x64.Build.0 = Release|x64
		{C8B1D9A9-BFDE-44FD-BA5F-0EF7BD4687DD}.Ad-Hoc|x64.Deploy.0 = Release|x64
		{C8B1D9A9-BFDE-44FD-BA5F-0EF7BD4687DD}.Ad-Hoc|x86.ActiveCfg = Release|x86
		{C8B1D9A9-BFDE-44FD-BA5F-0EF7BD4687DD}.Ad-Hoc|x86.Build.0 = Release|x86
		{C8B1D9A9-BFDE-44FD-BA5F-0EF7BD4687DD}.Ad-Hoc|x86.Deploy.0 = Release|x86
		{C8B1D9A9-BFDE-44FD-BA5F-0EF7BD4687DD}.AppStore|Any CPU.ActiveCfg = Release|x86
		{C8B1D9A9-BFDE-44FD-BA5F-0EF7BD4687DD}.AppStore|Any CPU.Build.0 = Release|x86
		{C8B1D9A9-BFDE-44FD-BA5F-0EF7BD4687DD}.AppStore|Any CPU.Deploy.0 = Release|x86
		{C8B1D9A9-BFDE-44FD-BA5F-0EF7BD4687DD}.AppStore|ARM.ActiveCfg = Release|ARM
		{C8B1D9A9-BFDE-44FD-BA5F-0EF7BD4687DD}.AppStore|ARM.Build.0 = Release|ARM
		{C8B1D9A9-BFDE-44FD-BA5F-0EF7BD4687DD}.AppStore|ARM.Deploy.0 = Release|ARM
		{C8B1D9A9-BFDE-44FD-BA5F-0EF7BD4687DD}.AppStore|iPhone.ActiveCfg = Release|x86
		{C8B1D9A9-BFDE-44FD-BA5F-0EF7BD4687DD}.AppStore|iPhone.Build.0 = Release|x86
		{C8B1D9A9-BFDE-44FD-BA5F-0EF7BD4687DD}.AppStore|iPhone.Deploy.0 = Release|x86
		{C8B1D9A9-BFDE-44FD-BA5F-0EF7BD4687DD}.AppStore|iPhoneSimulator.ActiveCfg = Release|x86
		{C8B1D9A9-BFDE-44FD-BA5F-0EF7BD4687DD}.AppStore|iPhoneSimulator.Build.0 = Release|x86
		{C8B1D9A9-BFDE-44FD-BA5F-0EF7BD4687DD}.AppStore|iPhoneSimulator.Deploy.0 = Release|x86
		{C8B1D9A9-BFDE-44FD-BA5F-0EF7BD4687DD}.AppStore|x64.ActiveCfg = Release|x64
		{C8B1D9A9-BFDE-44FD-BA5F-0EF7BD4687DD}.AppStore|x64.Build.0 = Release|x64
		{C8B1D9A9-BFDE-44FD-BA5F-0EF7BD4687DD}.AppStore|x64.Deploy.0 = Release|x64
		{C8B1D9A9-BFDE-44FD-BA5F-0EF7BD4687DD}.AppStore|x86.ActiveCfg = Release|x86
		{C8B1D9A9-BFDE-44FD-BA5F-0EF7BD4687DD}.AppStore|x86.Build.0 = Release|x86
		{C8B1D9A9-BFDE-44FD-BA5F-0EF7BD4687DD}.AppStore|x86.Deploy.0 = Release|x86
		{C8B1D9A9-BFDE-44FD-BA5F-0EF7BD4687DD}.Debug|Any CPU.ActiveCfg = Debug|x86
		{C8B1D9A9-BFDE-44FD-BA5F-0EF7BD4687DD}.Debug|Any CPU.Build.0 = Debug|x86
		{C8B1D9A9-BFDE-44FD-BA5F-0EF7BD4687DD}.Debug|Any CPU.Deploy.0 = Debug|x86
		{C8B1D9A9-BFDE-44FD-BA5F-0EF7BD4687DD}.Debug|ARM.ActiveCfg = Debug|ARM
		{C8B1D9A9-BFDE-44FD-BA5F-0EF7BD4687DD}.Debug|ARM.Build.0 = Debug|ARM
		{C8B1D9A9-BFDE-44FD-BA5F-0EF7BD4687DD}.Debug|ARM.Deploy.0 = Debug|ARM
		{C8B1D9A9-BFDE-44FD-BA5F-0EF7BD4687DD}.Debug|iPhone.ActiveCfg = Debug|x86
		{C8B1D9A9-BFDE-44FD-BA5F-0EF7BD4687DD}.Debug|iPhone.Build.0 = Debug|x86
		{C8B1D9A9-BFDE-44FD-BA5F-0EF7BD4687DD}.Debug|iPhone.Deploy.0 = Debug|x86
		{C8B1D9A9-BFDE-44FD-BA5F-0EF7BD4687DD}.Debug|iPhoneSimulator.ActiveCfg = Debug|x86
		{C8B1D9A9-BFDE-44FD-BA5F-0EF7BD4687DD}.Debug|iPhoneSimulator.Build.0 = Debug|x86
		{C8B1D9A9-BFDE-44FD-BA5F-0EF7BD4687DD}.Debug|iPhoneSimulator.Deploy.0 = Debug|x86
		{C8B1D9A9-BFDE-44FD-BA5F-0EF7BD4687DD}.Debug|x64.ActiveCfg = Debug|x64
		{C8B1D9A9-BFDE-44FD-BA5F-0EF7BD4687DD}.Debug|x64.Build.0 = Debug|x64
		{C8B1D9A9-BFDE-44FD-BA5F-0EF7BD4687DD}.Debug|x64.Deploy.0 = Debug|x64
		{C8B1D9A9-BFDE-44FD-BA5F-0EF7BD4687DD}.Debug|x86.ActiveCfg = Debug|x86
		{C8B1D9A9-BFDE-44FD-BA5F-0EF7BD4687DD}.Debug|x86.Build.0 = Debug|x86
		{C8B1D9A9-BFDE-44FD-BA5F-0EF7BD4687DD}.Debug|x86.Deploy.0 = Debug|x86
		{C8B1D9A9-BFDE-44FD-BA5F-0EF7BD4687DD}.Release|Any CPU.ActiveCfg = Release|x86
		{C8B1D9A9-BFDE-44FD-BA5F-0EF7BD4687DD}.Release|Any CPU.Build.0 = Release|x86
		{C8B1D9A9-BFDE-44FD-BA5F-0EF7BD4687DD}.Release|Any CPU.Deploy.0 = Release|x86
		{C8B1D9A9-BFDE-44FD-BA5F-0EF7BD4687DD}.Release|ARM.ActiveCfg = Release|ARM
		{C8B1D9A9-BFDE-44FD-BA5F-0EF7BD4687DD}.Release|ARM.Build.0 = Release|ARM
		{C8B1D9A9-BFDE-44FD-BA5F-0EF7BD4687DD}.Release|ARM.Deploy.0 = Release|ARM
		{C8B1D9A9-BFDE-44FD-BA5F-0EF7BD4687DD}.Release|iPhone.ActiveCfg = Release|x86
		{C8B1D9A9-BFDE-44FD-BA5F-0EF7BD4687DD}.Release|iPhone.Build.0 = Release|x86
		{C8B1D9A9-BFDE-44FD-BA5F-0EF7BD4687DD}.Release|iPhone.Deploy.0 = Release|x86
		{C8B1D9A9-BFDE-44FD-BA5F-0EF7BD4687DD}.Release|iPhoneSimulator.ActiveCfg = Release|x86
		{C8B1D9A9-BFDE-44FD-BA5F-0EF7BD4687DD}.Release|iPhoneSimulator.Build.0 = Release|x86
		{C8B1D9A9-BFDE-44FD-BA5F-0EF7BD4687DD}.Release|iPhoneSimulator.Deploy.0 = Release|x86
		{C8B1D9A9-BFDE-44FD-BA5F-0EF7BD4687DD}.Release|x64.ActiveCfg = Release|x64
		{C8B1D9A9-BFDE-44FD-BA5F-0EF7BD4687DD}.Release|x64.Build.0 = Release|x64
		{C8B1D9A9-BFDE-44FD-BA5F-0EF7BD4687DD}.Release|x64.Deploy.0 = Release|x64
		{C8B1D9A9-BFDE-44FD-BA5F-0EF7BD4687DD}.Release|x86.ActiveCfg = Release|x86
		{C8B1D9A9-BFDE-44FD-BA5F-0EF7BD4687DD}.Release|x86.Build.0 = Release|x86
		{C8B1D9A9-BFDE-44FD-BA5F-0EF7BD4687DD}.Release|x86.Deploy.0 = Release|x86
		{BF97ADE7-C043-4D4D-B56C-FE4A149CB9C8}.Ad-Hoc|Any CPU.ActiveCfg = Debug|Any CPU
		{BF97ADE7-C043-4D4D-B56C-FE4A149CB9C8}.Ad-Hoc|Any CPU.Build.0 = Debug|Any CPU
		{BF97ADE7-C043-4D4D-B56C-FE4A149CB9C8}.Ad-Hoc|Any CPU.Deploy.0 = Debug|Any CPU
		{BF97ADE7-C043-4D4D-B56C-FE4A149CB9C8}.Ad-Hoc|ARM.ActiveCfg = Debug|Any CPU
		{BF97ADE7-C043-4D4D-B56C-FE4A149CB9C8}.Ad-Hoc|ARM.Build.0 = Debug|Any CPU
		{BF97ADE7-C043-4D4D-B56C-FE4A149CB9C8}.Ad-Hoc|ARM.Deploy.0 = Debug|Any CPU
		{BF97ADE7-C043-4D4D-B56C-FE4A149CB9C8}.Ad-Hoc|iPhone.ActiveCfg = Debug|Any CPU
		{BF97ADE7-C043-4D4D-B56C-FE4A149CB9C8}.Ad-Hoc|iPhone.Build.0 = Debug|Any CPU
		{BF97ADE7-C043-4D4D-B56C-FE4A149CB9C8}.Ad-Hoc|iPhone.Deploy.0 = Debug|Any CPU
		{BF97ADE7-C043-4D4D-B56C-FE4A149CB9C8}.Ad-Hoc|iPhoneSimulator.ActiveCfg = Debug|Any CPU
		{BF97ADE7-C043-4D4D-B56C-FE4A149CB9C8}.Ad-Hoc|iPhoneSimulator.Build.0 = Debug|Any CPU
		{BF97ADE7-C043-4D4D-B56C-FE4A149CB9C8}.Ad-Hoc|iPhoneSimulator.Deploy.0 = Debug|Any CPU
		{BF97ADE7-C043-4D4D-B56C-FE4A149CB9C8}.Ad-Hoc|x64.ActiveCfg = Debug|Any CPU
		{BF97ADE7-C043-4D4D-B56C-FE4A149CB9C8}.Ad-Hoc|x64.Build.0 = Debug|Any CPU
		{BF97ADE7-C043-4D4D-B56C-FE4A149CB9C8}.Ad-Hoc|x64.Deploy.0 = Debug|Any CPU
		{BF97ADE7-C043-4D4D-B56C-FE4A149CB9C8}.Ad-Hoc|x86.ActiveCfg = Debug|Any CPU
		{BF97ADE7-C043-4D4D-B56C-FE4A149CB9C8}.Ad-Hoc|x86.Build.0 = Debug|Any CPU
		{BF97ADE7-C043-4D4D-B56C-FE4A149CB9C8}.Ad-Hoc|x86.Deploy.0 = Debug|Any CPU
		{BF97ADE7-C043-4D4D-B56C-FE4A149CB9C8}.AppStore|Any CPU.ActiveCfg = Debug|Any CPU
		{BF97ADE7-C043-4D4D-B56C-FE4A149CB9C8}.AppStore|Any CPU.Build.0 = Debug|Any CPU
		{BF97ADE7-C043-4D4D-B56C-FE4A149CB9C8}.AppStore|Any CPU.Deploy.0 = Debug|Any CPU
		{BF97ADE7-C043-4D4D-B56C-FE4A149CB9C8}.AppStore|ARM.ActiveCfg = Debug|Any CPU
		{BF97ADE7-C043-4D4D-B56C-FE4A149CB9C8}.AppStore|ARM.Build.0 = Debug|Any CPU
		{BF97ADE7-C043-4D4D-B56C-FE4A149CB9C8}.AppStore|ARM.Deploy.0 = Debug|Any CPU
		{BF97ADE7-C043-4D4D-B56C-FE4A149CB9C8}.AppStore|iPhone.ActiveCfg = Debug|Any CPU
		{BF97ADE7-C043-4D4D-B56C-FE4A149CB9C8}.AppStore|iPhone.Build.0 = Debug|Any CPU
		{BF97ADE7-C043-4D4D-B56C-FE4A149CB9C8}.AppStore|iPhone.Deploy.0 = Debug|Any CPU
		{BF97ADE7-C043-4D4D-B56C-FE4A149CB9C8}.AppStore|iPhoneSimulator.ActiveCfg = Debug|Any CPU
		{BF97ADE7-C043-4D4D-B56C-FE4A149CB9C8}.AppStore|iPhoneSimulator.Build.0 = Debug|Any CPU
		{BF97ADE7-C043-4D4D-B56C-FE4A149CB9C8}.AppStore|iPhoneSimulator.Deploy.0 = Debug|Any CPU
		{BF97ADE7-C043-4D4D-B56C-FE4A149CB9C8}.AppStore|x64.ActiveCfg = Debug|Any CPU
		{BF97ADE7-C043-4D4D-B56C-FE4A149CB9C8}.AppStore|x64.Build.0 = Debug|Any CPU
		{BF97ADE7-C043-4D4D-B56C-FE4A149CB9C8}.AppStore|x64.Deploy.0 = Debug|Any CPU
		{BF97ADE7-C043-4D4D-B56C-FE4A149CB9C8}.AppStore|x86.ActiveCfg = Debug|Any CPU
		{BF97ADE7-C043-4D4D-B56C-FE4A149CB9C8}.AppStore|x86.Build.0 = Debug|Any CPU
		{BF97ADE7-C043-4D4D-B56C-FE4A149CB9C8}.AppStore|x86.Deploy.0 = Debug|Any CPU
		{BF97ADE7-C043-4D4D-B56C-FE4A149CB9C8}.Debug|Any CPU.ActiveCfg = Debug|Any CPU
		{BF97ADE7-C043-4D4D-B56C-FE4A149CB9C8}.Debug|Any CPU.Build.0 = Debug|Any CPU
		{BF97ADE7-C043-4D4D-B56C-FE4A149CB9C8}.Debug|Any CPU.Deploy.0 = Debug|Any CPU
		{BF97ADE7-C043-4D4D-B56C-FE4A149CB9C8}.Debug|ARM.ActiveCfg = Debug|Any CPU
		{BF97ADE7-C043-4D4D-B56C-FE4A149CB9C8}.Debug|ARM.Build.0 = Debug|Any CPU
		{BF97ADE7-C043-4D4D-B56C-FE4A149CB9C8}.Debug|ARM.Deploy.0 = Debug|Any CPU
		{BF97ADE7-C043-4D4D-B56C-FE4A149CB9C8}.Debug|iPhone.ActiveCfg = Debug|Any CPU
		{BF97ADE7-C043-4D4D-B56C-FE4A149CB9C8}.Debug|iPhone.Build.0 = Debug|Any CPU
		{BF97ADE7-C043-4D4D-B56C-FE4A149CB9C8}.Debug|iPhone.Deploy.0 = Debug|Any CPU
		{BF97ADE7-C043-4D4D-B56C-FE4A149CB9C8}.Debug|iPhoneSimulator.ActiveCfg = Debug|Any CPU
		{BF97ADE7-C043-4D4D-B56C-FE4A149CB9C8}.Debug|iPhoneSimulator.Build.0 = Debug|Any CPU
		{BF97ADE7-C043-4D4D-B56C-FE4A149CB9C8}.Debug|iPhoneSimulator.Deploy.0 = Debug|Any CPU
		{BF97ADE7-C043-4D4D-B56C-FE4A149CB9C8}.Debug|x64.ActiveCfg = Debug|Any CPU
		{BF97ADE7-C043-4D4D-B56C-FE4A149CB9C8}.Debug|x64.Build.0 = Debug|Any CPU
		{BF97ADE7-C043-4D4D-B56C-FE4A149CB9C8}.Debug|x64.Deploy.0 = Debug|Any CPU
		{BF97ADE7-C043-4D4D-B56C-FE4A149CB9C8}.Debug|x86.ActiveCfg = Debug|Any CPU
		{BF97ADE7-C043-4D4D-B56C-FE4A149CB9C8}.Debug|x86.Build.0 = Debug|Any CPU
		{BF97ADE7-C043-4D4D-B56C-FE4A149CB9C8}.Debug|x86.Deploy.0 = Debug|Any CPU
		{BF97ADE7-C043-4D4D-B56C-FE4A149CB9C8}.Release|Any CPU.ActiveCfg = Release|Any CPU
		{BF97ADE7-C043-4D4D-B56C-FE4A149CB9C8}.Release|Any CPU.Build.0 = Release|Any CPU
		{BF97ADE7-C043-4D4D-B56C-FE4A149CB9C8}.Release|Any CPU.Deploy.0 = Release|Any CPU
		{BF97ADE7-C043-4D4D-B56C-FE4A149CB9C8}.Release|ARM.ActiveCfg = Release|Any CPU
		{BF97ADE7-C043-4D4D-B56C-FE4A149CB9C8}.Release|ARM.Build.0 = Release|Any CPU
		{BF97ADE7-C043-4D4D-B56C-FE4A149CB9C8}.Release|ARM.Deploy.0 = Release|Any CPU
		{BF97ADE7-C043-4D4D-B56C-FE4A149CB9C8}.Release|iPhone.ActiveCfg = Release|Any CPU
		{BF97ADE7-C043-4D4D-B56C-FE4A149CB9C8}.Release|iPhone.Build.0 = Release|Any CPU
		{BF97ADE7-C043-4D4D-B56C-FE4A149CB9C8}.Release|iPhone.Deploy.0 = Release|Any CPU
		{BF97ADE7-C043-4D4D-B56C-FE4A149CB9C8}.Release|iPhoneSimulator.ActiveCfg = Release|Any CPU
		{BF97ADE7-C043-4D4D-B56C-FE4A149CB9C8}.Release|iPhoneSimulator.Build.0 = Release|Any CPU
		{BF97ADE7-C043-4D4D-B56C-FE4A149CB9C8}.Release|iPhoneSimulator.Deploy.0 = Release|Any CPU
		{BF97ADE7-C043-4D4D-B56C-FE4A149CB9C8}.Release|x64.ActiveCfg = Release|Any CPU
		{BF97ADE7-C043-4D4D-B56C-FE4A149CB9C8}.Release|x64.Build.0 = Release|Any CPU
		{BF97ADE7-C043-4D4D-B56C-FE4A149CB9C8}.Release|x64.Deploy.0 = Release|Any CPU
		{BF97ADE7-C043-4D4D-B56C-FE4A149CB9C8}.Release|x86.ActiveCfg = Release|Any CPU
		{BF97ADE7-C043-4D4D-B56C-FE4A149CB9C8}.Release|x86.Build.0 = Release|Any CPU
		{BF97ADE7-C043-4D4D-B56C-FE4A149CB9C8}.Release|x86.Deploy.0 = Release|Any CPU
	EndGlobalSection
	GlobalSection(SolutionProperties) = preSolution
		HideSolutionNode = FALSE
	EndGlobalSection
	GlobalSection(ExtensibilityGlobals) = postSolution
		SolutionGuid = {40FDC584-EC31-4CC6-B57F-14CD6F764C1E}
	EndGlobalSection
EndGlobal
